schema: '2.0'
stages:
  data_ingestion:
    cmd: python src/data_ingestion.py
    deps:
    - path: src/data_ingestion.py
      hash: md5
      md5: fbea89ad323d71cb6644f6e778e5ba48
      size: 4203
    params:
      params.yaml:
        data_ingestion.test_size: 0.6
    outs:
    - path: data/raw
      hash: md5
      md5: ac376ddb2c5daa6140e90bcba5647d4b.dir
      size: 484846
      nfiles: 2
  data_preprocessing:
    cmd: python src/data_preprocessing.py
    deps:
    - path: data/raw
      hash: md5
      md5: ac376ddb2c5daa6140e90bcba5647d4b.dir
      size: 484846
      nfiles: 2
    - path: src/data_preprocessing.py
      hash: md5
      md5: ae0059b79590609927f72e3c373f1865
      size: 3973
    outs:
    - path: data/interim
      hash: md5
      md5: 014d680bb9891fa10413ad45d227d584.dir
      size: 264093
      nfiles: 2
  feature_engineering:
    cmd: python src/feature_engineering.py
    deps:
    - path: data/interim
      hash: md5
      md5: 014d680bb9891fa10413ad45d227d584.dir
      size: 264093
      nfiles: 2
    - path: src/feature_engineering.py
      hash: md5
      md5: 33108f77837ecd03453247846b23beb5
      size: 3908
    params:
      params.yaml:
        feature_engineering.max_features: 50
    outs:
    - path: data/processed
      hash: md5
      md5: 9b0fdc283296f2793039f2aa17a149fd.dir
      size: 1194164
      nfiles: 2
  model_building:
    cmd: python src/model_building.py
    deps:
    - path: data/processed
      hash: md5
      md5: 9b0fdc283296f2793039f2aa17a149fd.dir
      size: 1194164
      nfiles: 2
    - path: src/model_building.py
      hash: md5
      md5: 304e500aa0d694d14a65c6cda093014f
      size: 4495
    params:
      params.yaml:
        model_building.n_estimators: 30
        model_building.random_state: 6
    outs:
    - path: models/model.pkl
      hash: md5
      md5: 7cbd111e89aacde16775c93e492bf9f4
      size: 789012
  model_evaluation:
    cmd: python src/model_evaluation.py
    deps:
    - path: models/model.pkl
      hash: md5
      md5: 7cbd111e89aacde16775c93e492bf9f4
      size: 789012
    - path: src/model_evaluation.py
      hash: md5
      md5: 8d2b3a9187910ba65f6dad32a9f8e4be
      size: 5232
    outs:
    - path: reports/metrics.json
      hash: md5
      md5: 0e6805df962ab82bb3e32193bcf5ddd2
      size: 144
